<Solution>
  <Folder Name="/src/">
    <Project Path="src/FireAlert.Api/FireAlert.Api.csproj" />
    <Project Path="src/FireAlert.Application/FireAlert.Application.csproj" />
    <Project Path="src/FireAlert.Domain/FireAlert.Domain.csproj" />
    <Project Path="src/FireAlert.Infrastructure/FireAlert.Infrastructure.csproj" />
  </Folder>
  <Folder Name="/tests/">
    <Project Path="tests/FireAlert.UnitTests/FireAlert.UnitTests.csproj" />
  </Folder>
</Solution>
